
Microsoft Visual Studio Solution File, Format Version 12.00
# Visual Studio Version 17
VisualStudioVersion = 17.11.35327.3
MinimumVisualStudioVersion = 10.0.40219.1
Project("{FAE04EC0-301F-11D3-BF4B-00C04F79EFBC}") = "GUIProductos", "GUIProductos\GUIProductos.csproj", "{5DF4DE1B-5CA8-41EF-A822-5D2CFB4981F9}"
EndProject
Global
	GlobalSection(SolutionConfigurationPlatforms) = preSolution
		Debug|Any CPU = Debug|Any CPU
		Release|Any CPU = Release|Any CPU
	EndGlobalSection
	GlobalSection(ProjectConfigurationPlatforms) = postSolution
		{5DF4DE1B-5CA8-41EF-A822-5D2CFB4981F9}.Debug|Any CPU.ActiveCfg = Debug|Any CPU
		{5DF4DE1B-5CA8-41EF-A822-5D2CFB4981F9}.Debug|Any CPU.Build.0 = Debug|Any CPU
		{5DF4DE1B-5CA8-41EF-A822-5D2CFB4981F9}.Release|Any CPU.ActiveCfg = Release|Any CPU
		{5DF4DE1B-5CA8-41EF-A822-5D2CFB4981F9}.Release|Any CPU.Build.0 = Release|Any CPU
	EndGlobalSection
	GlobalSection(SolutionProperties) = preSolution
		HideSolutionNode = FALSE
	EndGlobalSection
	GlobalSection(ExtensibilityGlobals) = postSolution
		SolutionGuid = {19957E77-46F9-475F-82BE-3F51C7409FC5}
	EndGlobalSection
EndGlobal
